
Microsoft Visual Studio Solution File, Format Version 12.00
# Visual Studio Version 17
VisualStudioVersion = 17.2.32516.85
MinimumVisualStudioVersion = 10.0.40219.1
Project("{FAE04EC0-301F-11D3-BF4B-00C04F79EFBC}") = "RestWithASPNET5Udemy", "RestWithASPNET5Udemy\RestWithASPNET5Udemy.csproj", "{D4BD0C0B-60F1-4C35-AFE4-9E6639023279}"
EndProject
Global
	GlobalSection(SolutionConfigurationPlatforms) = preSolution
		Debug|Any CPU = Debug|Any CPU
		Release|Any CPU = Release|Any CPU
	EndGlobalSection
	GlobalSection(ProjectConfigurationPlatforms) = postSolution
		{D4BD0C0B-60F1-4C35-AFE4-9E6639023279}.Debug|Any CPU.ActiveCfg = Debug|Any CPU
		{D4BD0C0B-60F1-4C35-AFE4-9E6639023279}.Debug|Any CPU.Build.0 = Debug|Any CPU
		{D4BD0C0B-60F1-4C35-AFE4-9E6639023279}.Release|Any CPU.ActiveCfg = Release|Any CPU
		{D4BD0C0B-60F1-4C35-AFE4-9E6639023279}.Release|Any CPU.Build.0 = Release|Any CPU
	EndGlobalSection
	GlobalSection(SolutionProperties) = preSolution
		HideSolutionNode = FALSE
	EndGlobalSection
	GlobalSection(ExtensibilityGlobals) = postSolution
		SolutionGuid = {396506C1-C5FA-4F05-9FE6-4E4B7443972C}
	EndGlobalSection
EndGlobal
